#MicroXplorer Configuration settings - do not modify
ADC1.Channel-0\#ChannelRegularConversion=ADC_CHANNEL_1
ADC1.Channel-1\#ChannelRegularConversion=ADC_CHANNEL_TEMPSENSOR
ADC1.ClockPrescaler=ADC_CLOCKPRESCALER_PCLK_DIV1
ADC1.ContinuousConvMode=DISABLE
ADC1.DMAAccessMode=ADC_DMAACCESSMODE_12_10_BITS
ADC1.DMAContinuousRequests=ENABLE
ADC1.DataAlign=ADC_DATAALIGN_RIGHT
ADC1.DiscontinuousConvMode=DISABLE
ADC1.EOCSelection=EOC_SEQ_CONV
ADC1.EnableAnalogWatchDog1=false
ADC1.EnableAnalogWatchDog2=false
ADC1.EnableAnalogWatchDog3=false
ADC1.EnableInjectedConversion=DISABLE
ADC1.EnableRegularConversion=ENABLE
ADC1.ExternalTrigConv=ADC_EXTERNALTRIGCONVHRTIM_TRG1
ADC1.ExternalTrigConvEdge=ADC_EXTERNALTRIGCONVEDGE_RISING
ADC1.IPParameters=Rank-0\#ChannelRegularConversion,Channel-0\#ChannelRegularConversion,SamplingTime-0\#ChannelRegularConversion,OffsetNumber-0\#ChannelRegularConversion,Offset-0\#ChannelRegularConversion,NbrOfConversionFlag,ClockPrescaler,Resolution,DataAlign,ScanConvMode,ContinuousConvMode,DiscontinuousConvMode,DMAContinuousRequests,EOCSelection,Overrun,LowPowerAutoWait,EnableRegularConversion,NbrOfConversion,ExternalTrigConvEdge,EnableInjectedConversion,EnableAnalogWatchDog1,EnableAnalogWatchDog2,EnableAnalogWatchDog3,Rank-1\#ChannelRegularConversion,Channel-1\#ChannelRegularConversion,SamplingTime-1\#ChannelRegularConversion,OffsetNumber-1\#ChannelRegularConversion,Offset-1\#ChannelRegularConversion,master,Mode,DMAAccessMode,SubFamily,ExternalTrigConv
ADC1.LowPowerAutoWait=DISABLE
ADC1.Mode=ADC_DUALMODE_REGSIMULT
ADC1.NbrOfConversion=2
ADC1.NbrOfConversionFlag=1
ADC1.Offset-0\#ChannelRegularConversion=0
ADC1.Offset-1\#ChannelRegularConversion=0
ADC1.OffsetNumber-0\#ChannelRegularConversion=ADC_OFFSET_NONE
ADC1.OffsetNumber-1\#ChannelRegularConversion=ADC_OFFSET_NONE
ADC1.Overrun=OVR_DATA_OVERWRITTEN
ADC1.Rank-0\#ChannelRegularConversion=1
ADC1.Rank-1\#ChannelRegularConversion=2
ADC1.Resolution=ADC_RESOLUTION12b
ADC1.SamplingTime-0\#ChannelRegularConversion=ADC_SAMPLETIME_601CYCLES_5
ADC1.SamplingTime-1\#ChannelRegularConversion=ADC_SAMPLETIME_601CYCLES_5
ADC1.ScanConvMode=ADC_SCAN_ENABLE
ADC1.SubFamily=STM32F334x8
ADC1.master=1
ADC2.Channel-4\#ChannelRegularConversion=ADC_CHANNEL_1
ADC2.Channel-5\#ChannelRegularConversion=ADC_CHANNEL_3
ADC2.ClockPrescaler=ADC_CLOCKPRESCALER_PCLK_DIV1
ADC2.ContinuousConvMode=DISABLE
ADC2.DMAAccessMode=ADC_DMAACCESSMODE_12_10_BITS
ADC2.DMAContinuousRequests=ENABLE
ADC2.DataAlign=ADC_DATAALIGN_RIGHT
ADC2.DiscontinuousConvMode=DISABLE
ADC2.EOCSelection=EOC_SEQ_CONV
ADC2.EnableAnalogWatchDog1=false
ADC2.EnableAnalogWatchDog2=false
ADC2.EnableAnalogWatchDog3=false
ADC2.EnableInjectedConversion=DISABLE
ADC2.EnableRegularConversion=ENABLE
ADC2.ExternalTrigConv=ADC_EXTERNALTRIGCONVHRTIM_TRG1
ADC2.ExternalTrigConvEdge=ADC_EXTERNALTRIGCONVEDGE_RISING
ADC2.IPParameters=Rank-4\#ChannelRegularConversion,Channel-4\#ChannelRegularConversion,SamplingTime-4\#ChannelRegularConversion,OffsetNumber-4\#ChannelRegularConversion,Offset-4\#ChannelRegularConversion,NbrOfConversionFlag,DMAContinuousRequests,Rank-5\#ChannelRegularConversion,Channel-5\#ChannelRegularConversion,SamplingTime-5\#ChannelRegularConversion,OffsetNumber-5\#ChannelRegularConversion,Offset-5\#ChannelRegularConversion,NbrOfConversion,EnableInjectedConversion,EOCSelection,ClockPrescaler,Resolution,DataAlign,ScanConvMode,ContinuousConvMode,DiscontinuousConvMode,Overrun,LowPowerAutoWait,EnableRegularConversion,ExternalTrigConvEdge,EnableAnalogWatchDog1,EnableAnalogWatchDog2,EnableAnalogWatchDog3,Mode,DMAAccessMode,SubFamily,ExternalTrigConv
ADC2.LowPowerAutoWait=DISABLE
ADC2.Mode=ADC_DUALMODE_REGSIMULT
ADC2.NbrOfConversion=2
ADC2.NbrOfConversionFlag=1
ADC2.Offset-4\#ChannelRegularConversion=0
ADC2.Offset-5\#ChannelRegularConversion=0
ADC2.OffsetNumber-4\#ChannelRegularConversion=ADC_OFFSET_NONE
ADC2.OffsetNumber-5\#ChannelRegularConversion=ADC_OFFSET_NONE
ADC2.Overrun=OVR_DATA_OVERWRITTEN
ADC2.Rank-4\#ChannelRegularConversion=1
ADC2.Rank-5\#ChannelRegularConversion=2
ADC2.Resolution=ADC_RESOLUTION12b
ADC2.SamplingTime-4\#ChannelRegularConversion=ADC_SAMPLETIME_601CYCLES_5
ADC2.SamplingTime-5\#ChannelRegularConversion=ADC_SAMPLETIME_601CYCLES_5
ADC2.ScanConvMode=ADC_SCAN_ENABLE
ADC2.SubFamily=STM32F334x8
Dma.ADC1.0.Direction=DMA_PERIPH_TO_MEMORY
Dma.ADC1.0.Instance=DMA1_Channel1
Dma.ADC1.0.MemDataAlignment=DMA_MDATAALIGN_WORD
Dma.ADC1.0.MemInc=DMA_MINC_ENABLE
Dma.ADC1.0.Mode=DMA_CIRCULAR
Dma.ADC1.0.PeriphDataAlignment=DMA_PDATAALIGN_WORD
Dma.ADC1.0.PeriphInc=DMA_PINC_DISABLE
Dma.ADC1.0.Priority=DMA_PRIORITY_LOW
Dma.ADC1.0.RequestParameters=Instance,Direction,PeriphInc,MemInc,PeriphDataAlignment,MemDataAlignment,Mode,Priority
Dma.Request0=ADC1
Dma.RequestsNb=1
File.Version=5
HRTIM1.ADCTrigger1_Source1=HRTIM_ADCTRIGGEREVENT13_MASTER_PERIOD
HRTIM1.ADCTrigger_Id1=HRTIM_ADCTRIGGER_1
HRTIM1.Configuration_TA=Simple
HRTIM1.IPParameters=PrescalerRatio_TA,ADCTrigger_Id1,Configuration_TA,OCChannel_TA1,OCPulse_TA1,NumberADCTriggerSource1,ADCTrigger1_Source1,PrescalerRatio_MASTER,Periode_MASTER
HRTIM1.NumberADCTriggerSource1=1
HRTIM1.OCChannel_TA1=HRTIM_OUTPUT_TA1
HRTIM1.OCPulse_TA1=0x8000
HRTIM1.Periode_MASTER=0x2000
HRTIM1.PrescalerRatio_MASTER=HRTIM_PRESCALERRATIO_MUL4
HRTIM1.PrescalerRatio_TA=HRTIM_PRESCALERRATIO_MUL4
KeepUserPlacement=false
Mcu.Family=STM32F3
Mcu.IP0=ADC1
Mcu.IP1=ADC2
Mcu.IP2=DMA
Mcu.IP3=HRTIM1
Mcu.IP4=NVIC
Mcu.IP5=RCC
Mcu.IP6=USART1
Mcu.IPNb=7
Mcu.Name=STM32F334K(4-6-8)Tx
Mcu.Package=LQFP32
Mcu.Pin0=PA0
Mcu.Pin1=PA4
Mcu.Pin2=PA5
Mcu.Pin3=PA6
Mcu.Pin4=PA8
Mcu.Pin5=PA9
Mcu.Pin6=PA10
Mcu.Pin7=VP_ADC1_TempSens_Input
Mcu.Pin8=VP_HRTIM1_VS_hrtimMasterTimerNoOutput
Mcu.PinsNb=9
Mcu.UserConstants=
Mcu.UserName=STM32F334K8Tx
MxCube.Version=4.11.0
MxDb.Version=DB.4.0.110
NVIC.DMA1_Channel1_IRQn=true\:0\:0\:false
NVIC.HRTIM1_Master_IRQn=true\:0\:0\:false
NVIC.PriorityGroup=NVIC_PRIORITYGROUP_4
NVIC.SysTick_IRQn=true\:0\:0\:false
PA0.Mode=IN1-Single-Ended
PA0.Signal=ADC1_IN1
PA10.Mode=Asynchronous
PA10.Signal=USART1_RX
PA4.Mode=IN1-Single-Ended
PA4.Signal=ADC2_IN1
PA5.GPIOParameters=GPIO_Label
PA5.GPIO_Label=LED1
PA5.Locked=true
PA5.Signal=GPIO_Output
PA6.Mode=IN3-Single-Ended
PA6.Signal=ADC2_IN3
PA8.Mode=Output_TA1
PA8.Signal=HRTIM1_CHA1
PA9.Mode=Asynchronous
PA9.Signal=USART1_TX
PCC.Checker=false
PCC.Line=STM32F334
PCC.MCU=STM32F334K(4-6-8)Tx
PCC.MXVersion=4.11.0
PCC.PartNumber=STM32F334K8Tx
PCC.Seq0=0
PCC.Series=STM32F3
PCC.Temperature=25
PCC.Vdd=3.6
ProjectManager.AskForMigrate=true
ProjectManager.BackupPrevious=false
ProjectManager.CompilerOptimize=2
ProjectManager.ComputerToolchain=false
ProjectManager.CoupleFile=true
ProjectManager.DeletePrevious=true
ProjectManager.DeviceId=STM32F334K8Tx
ProjectManager.FirmwarePackage=STM32Cube FW_F3 V1.3.0
ProjectManager.FreePins=false
ProjectManager.HalAssertFull=false
ProjectManager.KeepUserCode=true
ProjectManager.LastFirmware=true
ProjectManager.LibraryCopy=0
ProjectManager.ProjectBuild=false
ProjectManager.ProjectFileName=Test_ADC_Serial.ioc
ProjectManager.ProjectName=Test_ADC_Serial
ProjectManager.TargetToolchain=SW4STM32
ProjectManager.ToolChainLocation=
RCC.ADC12outputFreq_Value=64000000
RCC.AHBFreq_Value=64000000
RCC.APB1CLKDivider=RCC_HCLK_DIV2
RCC.APB1Freq_Value=32000000
RCC.APB1TimFreq_Value=64000000
RCC.APB2Freq_Value=64000000
RCC.APB2TimFreq_Value=64000000
RCC.CortexFreq_Value=64000000
RCC.FCLKCortexFreq_Value=64000000
RCC.FamilyName=M
RCC.HCLKFreq_Value=64000000
RCC.HRTIM1Freq_Value=128000000
RCC.HRTIMSelection=RCC_HRTIM1CLK_PLLCLK
RCC.HSEPLLFreq_Value=8000000
RCC.HSE_VALUE=8000000
RCC.HSIPLLFreq_Value=4000000
RCC.HSI_VALUE=8000000
RCC.I2C1Freq_Value=8000000
RCC.IPParameters=FamilyName,LSI_VALUE,HSI_VALUE,HSIPLLFreq_Value,VCOOutput2Freq_Value,PLLCLKFreq_Value,PLLMCOFreq_Value,I2C1Freq_Value,RTCFreq_Value,HSE_VALUE,HSEPLLFreq_Value,RTCHSEDivFreq_Value,SYSCLKFreq_VALUE,AHBFreq_Value,CortexFreq_Value,APB1Freq_Value,USART1Freq_Value,USART2Freq_Value,APB2Freq_Value,TIM2Freq_Value,ADC12outputFreq_Value,PLLMUL,HRTIMSelection,HRTIM1Freq_Value,HCLKFreq_Value,FCLKCortexFreq_Value,APB1TimFreq_Value,APB2TimFreq_Value,TIM1Freq_Value,MCOFreq_Value,APB1CLKDivider
RCC.LSI_VALUE=40000
RCC.MCOFreq_Value=64000000
RCC.PLLCLKFreq_Value=64000000
RCC.PLLMCOFreq_Value=64000000
RCC.PLLMUL=RCC_PLL_MUL16
RCC.RTCFreq_Value=40000
RCC.RTCHSEDivFreq_Value=250000
RCC.SYSCLKFreq_VALUE=64000000
RCC.TIM1Freq_Value=64000000
RCC.TIM2Freq_Value=64000000
RCC.USART1Freq_Value=32000000
RCC.USART2Freq_Value=32000000
RCC.VCOOutput2Freq_Value=4000000
USART1.BaudRate=9600
USART1.IPParameters=BaudRate,WordLength
USART1.WordLength=UART_WORDLENGTH_8B
VP_ADC1_TempSens_Input.Mode=IN-TempSens
VP_ADC1_TempSens_Input.Signal=ADC1_TempSens_Input
VP_HRTIM1_VS_hrtimMasterTimerNoOutput.Mode=MasterTimer
VP_HRTIM1_VS_hrtimMasterTimerNoOutput.Signal=HRTIM1_VS_hrtimMasterTimerNoOutput
board=Test_ADC_Serial
