<?xml version="1.0" encoding="utf-8"?>
<Project ToolsVersion="4.0" xmlns="http://schemas.microsoft.com/developer/msbuild/2003">
  <ItemGroup>
    <Filter Include="Source files">
      <UniqueIdentifier>{f0e31847-66d9-467b-9226-b775a2bc92a9}</UniqueIdentifier>
      <Extensions>cpp;c;cc;cxx;def;odl;idl;hpj;bat;asm;asmx</Extensions>
    </Filter>
    <Filter Include="Header files">
      <UniqueIdentifier>{452e1bf6-a1a6-4118-ac62-52b96bab0a7a}</UniqueIdentifier>
      <Extensions>h;hpp;hxx;hm;inl;inc;xsd</Extensions>
    </Filter>
    <Filter Include="Resource files">
      <UniqueIdentifier>{10ac550d-6c48-42cf-adbf-433edb7badf4}</UniqueIdentifier>
      <Extensions>rc;ico;cur;bmp;dlg;rc2;rct;bin;rgs;gif;jpg;jpeg;jpe;resx;tiff;tif;png;wav</Extensions>
    </Filter>
    <Filter Include="Make files">
      <UniqueIdentifier>{a95b24cc-267e-40d9-a20b-b458bf8f67fa}</UniqueIdentifier>
      <Extensions>*.mak</Extensions>
    </Filter>
    <Filter Include="Source files\Device-specific files">
      <UniqueIdentifier>{a8eb435d-bb3f-4296-8efb-006c3860f0f3}</UniqueIdentifier>
    </Filter>
    <Filter Include="Header files\Device-specific files">
      <UniqueIdentifier>{ae6c1b66-9f57-4b78-9abd-1d599883e4c1}</UniqueIdentifier>
    </Filter>
    <Filter Include="Source files\Device-specific files\HAL">
      <UniqueIdentifier>{1e761c3c-d0dc-4375-b736-5e629d8f9244}</UniqueIdentifier>
    </Filter>
    <Filter Include="Header files\Device-specific files\HAL">
      <UniqueIdentifier>{26910b58-5fe3-47b6-af25-32ce98caf79e}</UniqueIdentifier>
    </Filter>
  </ItemGroup>
  <ItemGroup>
    <ClCompile Include="LEDBlink.cpp">
      <Filter>Source files</Filter>
    </ClCompile>
    <ClCompile Include="system_stm32f3xx.c">
      <Filter>Source files</Filter>
    </ClCompile>
    <ClCompile Include="C:\Users\jluu\AppData\Local\VisualGDB\EmbeddedBSPs\arm-eabi\com.sysprogs.arm.stm32\STM32F3xxxx\StartupFiles\startup_stm32f334x8.c">
      <Filter>Source files\Device-specific files</Filter>
    </ClCompile>
    <ClCompile Include="C:\Users\jluu\AppData\Local\VisualGDB\EmbeddedBSPs\arm-eabi\com.sysprogs.arm.stm32\STM32F3xxxx\STM32F3xx_HAL_Driver\Src\stm32f3xx_hal.c">
      <Filter>Source files\Device-specific files\HAL</Filter>
    </ClCompile>
    <ClCompile Include="C:\Users\jluu\AppData\Local\VisualGDB\EmbeddedBSPs\arm-eabi\com.sysprogs.arm.stm32\STM32F3xxxx\STM32F3xx_HAL_Driver\Src\stm32f3xx_hal_adc.c">
      <Filter>Source files\Device-specific files\HAL</Filter>
    </ClCompile>
    <ClCompile Include="C:\Users\jluu\AppData\Local\VisualGDB\EmbeddedBSPs\arm-eabi\com.sysprogs.arm.stm32\STM32F3xxxx\STM32F3xx_HAL_Driver\Src\stm32f3xx_hal_adc_ex.c">
      <Filter>Source files\Device-specific files\HAL</Filter>
    </ClCompile>
    <ClCompile Include="C:\Users\jluu\AppData\Local\VisualGDB\EmbeddedBSPs\arm-eabi\com.sysprogs.arm.stm32\STM32F3xxxx\STM32F3xx_HAL_Driver\Src\stm32f3xx_hal_can.c">
      <Filter>Source files\Device-specific files\HAL</Filter>
    </ClCompile>
    <ClCompile Include="C:\Users\jluu\AppData\Local\VisualGDB\EmbeddedBSPs\arm-eabi\com.sysprogs.arm.stm32\STM32F3xxxx\STM32F3xx_HAL_Driver\Src\stm32f3xx_hal_cec.c">
      <Filter>Source files\Device-specific files\HAL</Filter>
    </ClCompile>
    <ClCompile Include="C:\Users\jluu\AppData\Local\VisualGDB\EmbeddedBSPs\arm-eabi\com.sysprogs.arm.stm32\STM32F3xxxx\STM32F3xx_HAL_Driver\Src\stm32f3xx_hal_comp.c">
      <Filter>Source files\Device-specific files\HAL</Filter>
    </ClCompile>
    <ClCompile Include="C:\Users\jluu\AppData\Local\VisualGDB\EmbeddedBSPs\arm-eabi\com.sysprogs.arm.stm32\STM32F3xxxx\STM32F3xx_HAL_Driver\Src\stm32f3xx_hal_cortex.c">
      <Filter>Source files\Device-specific files\HAL</Filter>
    </ClCompile>
    <ClCompile Include="C:\Users\jluu\AppData\Local\VisualGDB\EmbeddedBSPs\arm-eabi\com.sysprogs.arm.stm32\STM32F3xxxx\STM32F3xx_HAL_Driver\Src\stm32f3xx_hal_crc.c">
      <Filter>Source files\Device-specific files\HAL</Filter>
    </ClCompile>
    <ClCompile Include="C:\Users\jluu\AppData\Local\VisualGDB\EmbeddedBSPs\arm-eabi\com.sysprogs.arm.stm32\STM32F3xxxx\STM32F3xx_HAL_Driver\Src\stm32f3xx_hal_crc_ex.c">
      <Filter>Source files\Device-specific files\HAL</Filter>
    </ClCompile>
    <ClCompile Include="C:\Users\jluu\AppData\Local\VisualGDB\EmbeddedBSPs\arm-eabi\com.sysprogs.arm.stm32\STM32F3xxxx\STM32F3xx_HAL_Driver\Src\stm32f3xx_hal_dac.c">
      <Filter>Source files\Device-specific files\HAL</Filter>
    </ClCompile>
    <ClCompile Include="C:\Users\jluu\AppData\Local\VisualGDB\EmbeddedBSPs\arm-eabi\com.sysprogs.arm.stm32\STM32F3xxxx\STM32F3xx_HAL_Driver\Src\stm32f3xx_hal_dac_ex.c">
      <Filter>Source files\Device-specific files\HAL</Filter>
    </ClCompile>
    <ClCompile Include="C:\Users\jluu\AppData\Local\VisualGDB\EmbeddedBSPs\arm-eabi\com.sysprogs.arm.stm32\STM32F3xxxx\STM32F3xx_HAL_Driver\Src\stm32f3xx_hal_dma.c">
      <Filter>Source files\Device-specific files\HAL</Filter>
    </ClCompile>
    <ClCompile Include="C:\Users\jluu\AppData\Local\VisualGDB\EmbeddedBSPs\arm-eabi\com.sysprogs.arm.stm32\STM32F3xxxx\STM32F3xx_HAL_Driver\Src\stm32f3xx_hal_flash.c">
      <Filter>Source files\Device-specific files\HAL</Filter>
    </ClCompile>
    <ClCompile Include="C:\Users\jluu\AppData\Local\VisualGDB\EmbeddedBSPs\arm-eabi\com.sysprogs.arm.stm32\STM32F3xxxx\STM32F3xx_HAL_Driver\Src\stm32f3xx_hal_flash_ex.c">
      <Filter>Source files\Device-specific files\HAL</Filter>
    </ClCompile>
    <ClCompile Include="C:\Users\jluu\AppData\Local\VisualGDB\EmbeddedBSPs\arm-eabi\com.sysprogs.arm.stm32\STM32F3xxxx\STM32F3xx_HAL_Driver\Src\stm32f3xx_hal_gpio.c">
      <Filter>Source files\Device-specific files\HAL</Filter>
    </ClCompile>
    <ClCompile Include="C:\Users\jluu\AppData\Local\VisualGDB\EmbeddedBSPs\arm-eabi\com.sysprogs.arm.stm32\STM32F3xxxx\STM32F3xx_HAL_Driver\Src\stm32f3xx_hal_hrtim.c">
      <Filter>Source files\Device-specific files\HAL</Filter>
    </ClCompile>
    <ClCompile Include="C:\Users\jluu\AppData\Local\VisualGDB\EmbeddedBSPs\arm-eabi\com.sysprogs.arm.stm32\STM32F3xxxx\STM32F3xx_HAL_Driver\Src\stm32f3xx_hal_i2c.c">
      <Filter>Source files\Device-specific files\HAL</Filter>
    </ClCompile>
    <ClCompile Include="C:\Users\jluu\AppData\Local\VisualGDB\EmbeddedBSPs\arm-eabi\com.sysprogs.arm.stm32\STM32F3xxxx\STM32F3xx_HAL_Driver\Src\stm32f3xx_hal_i2c_ex.c">
      <Filter>Source files\Device-specific files\HAL</Filter>
    </ClCompile>
    <ClCompile Include="C:\Users\jluu\AppData\Local\VisualGDB\EmbeddedBSPs\arm-eabi\com.sysprogs.arm.stm32\STM32F3xxxx\STM32F3xx_HAL_Driver\Src\stm32f3xx_hal_i2s.c">
      <Filter>Source files\Device-specific files\HAL</Filter>
    </ClCompile>
    <ClCompile Include="C:\Users\jluu\AppData\Local\VisualGDB\EmbeddedBSPs\arm-eabi\com.sysprogs.arm.stm32\STM32F3xxxx\STM32F3xx_HAL_Driver\Src\stm32f3xx_hal_i2s_ex.c">
      <Filter>Source files\Device-specific files\HAL</Filter>
    </ClCompile>
    <ClCompile Include="C:\Users\jluu\AppData\Local\VisualGDB\EmbeddedBSPs\arm-eabi\com.sysprogs.arm.stm32\STM32F3xxxx\STM32F3xx_HAL_Driver\Src\stm32f3xx_hal_irda.c">
      <Filter>Source files\Device-specific files\HAL</Filter>
    </ClCompile>
    <ClCompile Include="C:\Users\jluu\AppData\Local\VisualGDB\EmbeddedBSPs\arm-eabi\com.sysprogs.arm.stm32\STM32F3xxxx\STM32F3xx_HAL_Driver\Src\stm32f3xx_hal_iwdg.c">
      <Filter>Source files\Device-specific files\HAL</Filter>
    </ClCompile>
    <ClCompile Include="C:\Users\jluu\AppData\Local\VisualGDB\EmbeddedBSPs\arm-eabi\com.sysprogs.arm.stm32\STM32F3xxxx\STM32F3xx_HAL_Driver\Src\stm32f3xx_hal_nand.c">
      <Filter>Source files\Device-specific files\HAL</Filter>
    </ClCompile>
    <ClCompile Include="C:\Users\jluu\AppData\Local\VisualGDB\EmbeddedBSPs\arm-eabi\com.sysprogs.arm.stm32\STM32F3xxxx\STM32F3xx_HAL_Driver\Src\stm32f3xx_hal_nor.c">
      <Filter>Source files\Device-specific files\HAL</Filter>
    </ClCompile>
    <ClCompile Include="C:\Users\jluu\AppData\Local\VisualGDB\EmbeddedBSPs\arm-eabi\com.sysprogs.arm.stm32\STM32F3xxxx\STM32F3xx_HAL_Driver\Src\stm32f3xx_hal_opamp.c">
      <Filter>Source files\Device-specific files\HAL</Filter>
    </ClCompile>
    <ClCompile Include="C:\Users\jluu\AppData\Local\VisualGDB\EmbeddedBSPs\arm-eabi\com.sysprogs.arm.stm32\STM32F3xxxx\STM32F3xx_HAL_Driver\Src\stm32f3xx_hal_opamp_ex.c">
      <Filter>Source files\Device-specific files\HAL</Filter>
    </ClCompile>
    <ClCompile Include="C:\Users\jluu\AppData\Local\VisualGDB\EmbeddedBSPs\arm-eabi\com.sysprogs.arm.stm32\STM32F3xxxx\STM32F3xx_HAL_Driver\Src\stm32f3xx_hal_pccard.c">
      <Filter>Source files\Device-specific files\HAL</Filter>
    </ClCompile>
    <ClCompile Include="C:\Users\jluu\AppData\Local\VisualGDB\EmbeddedBSPs\arm-eabi\com.sysprogs.arm.stm32\STM32F3xxxx\STM32F3xx_HAL_Driver\Src\stm32f3xx_hal_pcd.c">
      <Filter>Source files\Device-specific files\HAL</Filter>
    </ClCompile>
    <ClCompile Include="C:\Users\jluu\AppData\Local\VisualGDB\EmbeddedBSPs\arm-eabi\com.sysprogs.arm.stm32\STM32F3xxxx\STM32F3xx_HAL_Driver\Src\stm32f3xx_hal_pcd_ex.c">
      <Filter>Source files\Device-specific files\HAL</Filter>
    </ClCompile>
    <ClCompile Include="C:\Users\jluu\AppData\Local\VisualGDB\EmbeddedBSPs\arm-eabi\com.sysprogs.arm.stm32\STM32F3xxxx\STM32F3xx_HAL_Driver\Src\stm32f3xx_hal_ppp.c">
      <Filter>Source files\Device-specific files\HAL</Filter>
    </ClCompile>
    <ClCompile Include="C:\Users\jluu\AppData\Local\VisualGDB\EmbeddedBSPs\arm-eabi\com.sysprogs.arm.stm32\STM32F3xxxx\STM32F3xx_HAL_Driver\Src\stm32f3xx_hal_pwr.c">
      <Filter>Source files\Device-specific files\HAL</Filter>
    </ClCompile>
    <ClCompile Include="C:\Users\jluu\AppData\Local\VisualGDB\EmbeddedBSPs\arm-eabi\com.sysprogs.arm.stm32\STM32F3xxxx\STM32F3xx_HAL_Driver\Src\stm32f3xx_hal_pwr_ex.c">
      <Filter>Source files\Device-specific files\HAL</Filter>
    </ClCompile>
    <ClCompile Include="C:\Users\jluu\AppData\Local\VisualGDB\EmbeddedBSPs\arm-eabi\com.sysprogs.arm.stm32\STM32F3xxxx\STM32F3xx_HAL_Driver\Src\stm32f3xx_hal_rcc.c">
      <Filter>Source files\Device-specific files\HAL</Filter>
    </ClCompile>
    <ClCompile Include="C:\Users\jluu\AppData\Local\VisualGDB\EmbeddedBSPs\arm-eabi\com.sysprogs.arm.stm32\STM32F3xxxx\STM32F3xx_HAL_Driver\Src\stm32f3xx_hal_rcc_ex.c">
      <Filter>Source files\Device-specific files\HAL</Filter>
    </ClCompile>
    <ClCompile Include="C:\Users\jluu\AppData\Local\VisualGDB\EmbeddedBSPs\arm-eabi\com.sysprogs.arm.stm32\STM32F3xxxx\STM32F3xx_HAL_Driver\Src\stm32f3xx_hal_rtc.c">
      <Filter>Source files\Device-specific files\HAL</Filter>
    </ClCompile>
    <ClCompile Include="C:\Users\jluu\AppData\Local\VisualGDB\EmbeddedBSPs\arm-eabi\com.sysprogs.arm.stm32\STM32F3xxxx\STM32F3xx_HAL_Driver\Src\stm32f3xx_hal_rtc_ex.c">
      <Filter>Source files\Device-specific files\HAL</Filter>
    </ClCompile>
    <ClCompile Include="C:\Users\jluu\AppData\Local\VisualGDB\EmbeddedBSPs\arm-eabi\com.sysprogs.arm.stm32\STM32F3xxxx\STM32F3xx_HAL_Driver\Src\stm32f3xx_hal_sdadc.c">
      <Filter>Source files\Device-specific files\HAL</Filter>
    </ClCompile>
    <ClCompile Include="C:\Users\jluu\AppData\Local\VisualGDB\EmbeddedBSPs\arm-eabi\com.sysprogs.arm.stm32\STM32F3xxxx\STM32F3xx_HAL_Driver\Src\stm32f3xx_hal_smartcard.c">
      <Filter>Source files\Device-specific files\HAL</Filter>
    </ClCompile>
    <ClCompile Include="C:\Users\jluu\AppData\Local\VisualGDB\EmbeddedBSPs\arm-eabi\com.sysprogs.arm.stm32\STM32F3xxxx\STM32F3xx_HAL_Driver\Src\stm32f3xx_hal_smartcard_ex.c">
      <Filter>Source files\Device-specific files\HAL</Filter>
    </ClCompile>
    <ClCompile Include="C:\Users\jluu\AppData\Local\VisualGDB\EmbeddedBSPs\arm-eabi\com.sysprogs.arm.stm32\STM32F3xxxx\STM32F3xx_HAL_Driver\Src\stm32f3xx_hal_smbus.c">
      <Filter>Source files\Device-specific files\HAL</Filter>
    </ClCompile>
    <ClCompile Include="C:\Users\jluu\AppData\Local\VisualGDB\EmbeddedBSPs\arm-eabi\com.sysprogs.arm.stm32\STM32F3xxxx\STM32F3xx_HAL_Driver\Src\stm32f3xx_hal_spi.c">
      <Filter>Source files\Device-specific files\HAL</Filter>
    </ClCompile>
    <ClCompile Include="C:\Users\jluu\AppData\Local\VisualGDB\EmbeddedBSPs\arm-eabi\com.sysprogs.arm.stm32\STM32F3xxxx\STM32F3xx_HAL_Driver\Src\stm32f3xx_hal_sram.c">
      <Filter>Source files\Device-specific files\HAL</Filter>
    </ClCompile>
    <ClCompile Include="C:\Users\jluu\AppData\Local\VisualGDB\EmbeddedBSPs\arm-eabi\com.sysprogs.arm.stm32\STM32F3xxxx\STM32F3xx_HAL_Driver\Src\stm32f3xx_hal_tim.c">
      <Filter>Source files\Device-specific files\HAL</Filter>
    </ClCompile>
    <ClCompile Include="C:\Users\jluu\AppData\Local\VisualGDB\EmbeddedBSPs\arm-eabi\com.sysprogs.arm.stm32\STM32F3xxxx\STM32F3xx_HAL_Driver\Src\stm32f3xx_hal_tim_ex.c">
      <Filter>Source files\Device-specific files\HAL</Filter>
    </ClCompile>
    <ClCompile Include="C:\Users\jluu\AppData\Local\VisualGDB\EmbeddedBSPs\arm-eabi\com.sysprogs.arm.stm32\STM32F3xxxx\STM32F3xx_HAL_Driver\Src\stm32f3xx_hal_tsc.c">
      <Filter>Source files\Device-specific files\HAL</Filter>
    </ClCompile>
    <ClCompile Include="C:\Users\jluu\AppData\Local\VisualGDB\EmbeddedBSPs\arm-eabi\com.sysprogs.arm.stm32\STM32F3xxxx\STM32F3xx_HAL_Driver\Src\stm32f3xx_hal_uart.c">
      <Filter>Source files\Device-specific files\HAL</Filter>
    </ClCompile>
    <ClCompile Include="C:\Users\jluu\AppData\Local\VisualGDB\EmbeddedBSPs\arm-eabi\com.sysprogs.arm.stm32\STM32F3xxxx\STM32F3xx_HAL_Driver\Src\stm32f3xx_hal_uart_ex.c">
      <Filter>Source files\Device-specific files\HAL</Filter>
    </ClCompile>
    <ClCompile Include="C:\Users\jluu\AppData\Local\VisualGDB\EmbeddedBSPs\arm-eabi\com.sysprogs.arm.stm32\STM32F3xxxx\STM32F3xx_HAL_Driver\Src\stm32f3xx_hal_usart.c">
      <Filter>Source files\Device-specific files\HAL</Filter>
    </ClCompile>
    <ClCompile Include="C:\Users\jluu\AppData\Local\VisualGDB\EmbeddedBSPs\arm-eabi\com.sysprogs.arm.stm32\STM32F3xxxx\STM32F3xx_HAL_Driver\Src\stm32f3xx_hal_wwdg.c">
      <Filter>Source files\Device-specific files\HAL</Filter>
    </ClCompile>
    <ClCompile Include="C:\Users\jluu\AppData\Local\VisualGDB\EmbeddedBSPs\arm-eabi\com.sysprogs.arm.stm32\STM32F3xxxx\STM32F3xx_HAL_Driver\Src\stm32f3xx_ll_fmc.c">
      <Filter>Source files\Device-specific files\HAL</Filter>
    </ClCompile>
    <ClCompile Include="hrtim.cpp">
      <Filter>Source files</Filter>
    </ClCompile>
    <ClCompile Include="adc.cpp">
      <Filter>Source files</Filter>
    </ClCompile>
  </ItemGroup>
  <ItemGroup>
    <ClInclude Include="stm32f3xx_hal_conf.h">
      <Filter>Header files</Filter>
    </ClInclude>
    <ClInclude Include="C:\Users\jluu\AppData\Local\VisualGDB\EmbeddedBSPs\arm-eabi\com.sysprogs.arm.stm32\STM32F3xxxx\STM32F3xx_HAL_Driver\Inc\stm32f3xx_hal.h">
      <Filter>Header files\Device-specific files\HAL</Filter>
    </ClInclude>
    <ClInclude Include="C:\Users\jluu\AppData\Local\VisualGDB\EmbeddedBSPs\arm-eabi\com.sysprogs.arm.stm32\STM32F3xxxx\STM32F3xx_HAL_Driver\Inc\stm32f3xx_hal_adc.h">
      <Filter>Header files\Device-specific files\HAL</Filter>
    </ClInclude>
    <ClInclude Include="C:\Users\jluu\AppData\Local\VisualGDB\EmbeddedBSPs\arm-eabi\com.sysprogs.arm.stm32\STM32F3xxxx\STM32F3xx_HAL_Driver\Inc\stm32f3xx_hal_adc_ex.h">
      <Filter>Header files\Device-specific files\HAL</Filter>
    </ClInclude>
    <ClInclude Include="C:\Users\jluu\AppData\Local\VisualGDB\EmbeddedBSPs\arm-eabi\com.sysprogs.arm.stm32\STM32F3xxxx\STM32F3xx_HAL_Driver\Inc\stm32f3xx_hal_can.h">
      <Filter>Header files\Device-specific files\HAL</Filter>
    </ClInclude>
    <ClInclude Include="C:\Users\jluu\AppData\Local\VisualGDB\EmbeddedBSPs\arm-eabi\com.sysprogs.arm.stm32\STM32F3xxxx\STM32F3xx_HAL_Driver\Inc\stm32f3xx_hal_cec.h">
      <Filter>Header files\Device-specific files\HAL</Filter>
    </ClInclude>
    <ClInclude Include="C:\Users\jluu\AppData\Local\VisualGDB\EmbeddedBSPs\arm-eabi\com.sysprogs.arm.stm32\STM32F3xxxx\STM32F3xx_HAL_Driver\Inc\stm32f3xx_hal_comp.h">
      <Filter>Header files\Device-specific files\HAL</Filter>
    </ClInclude>
    <ClInclude Include="C:\Users\jluu\AppData\Local\VisualGDB\EmbeddedBSPs\arm-eabi\com.sysprogs.arm.stm32\STM32F3xxxx\STM32F3xx_HAL_Driver\Inc\stm32f3xx_hal_comp_ex.h">
      <Filter>Header files\Device-specific files\HAL</Filter>
    </ClInclude>
    <ClInclude Include="C:\Users\jluu\AppData\Local\VisualGDB\EmbeddedBSPs\arm-eabi\com.sysprogs.arm.stm32\STM32F3xxxx\STM32F3xx_HAL_Driver\Inc\stm32f3xx_hal_cortex.h">
      <Filter>Header files\Device-specific files\HAL</Filter>
    </ClInclude>
    <ClInclude Include="C:\Users\jluu\AppData\Local\VisualGDB\EmbeddedBSPs\arm-eabi\com.sysprogs.arm.stm32\STM32F3xxxx\STM32F3xx_HAL_Driver\Inc\stm32f3xx_hal_crc.h">
      <Filter>Header files\Device-specific files\HAL</Filter>
    </ClInclude>
    <ClInclude Include="C:\Users\jluu\AppData\Local\VisualGDB\EmbeddedBSPs\arm-eabi\com.sysprogs.arm.stm32\STM32F3xxxx\STM32F3xx_HAL_Driver\Inc\stm32f3xx_hal_crc_ex.h">
      <Filter>Header files\Device-specific files\HAL</Filter>
    </ClInclude>
    <ClInclude Include="C:\Users\jluu\AppData\Local\VisualGDB\EmbeddedBSPs\arm-eabi\com.sysprogs.arm.stm32\STM32F3xxxx\STM32F3xx_HAL_Driver\Inc\stm32f3xx_hal_dac.h">
      <Filter>Header files\Device-specific files\HAL</Filter>
    </ClInclude>
    <ClInclude Include="C:\Users\jluu\AppData\Local\VisualGDB\EmbeddedBSPs\arm-eabi\com.sysprogs.arm.stm32\STM32F3xxxx\STM32F3xx_HAL_Driver\Inc\stm32f3xx_hal_dac_ex.h">
      <Filter>Header files\Device-specific files\HAL</Filter>
    </ClInclude>
    <ClInclude Include="C:\Users\jluu\AppData\Local\VisualGDB\EmbeddedBSPs\arm-eabi\com.sysprogs.arm.stm32\STM32F3xxxx\STM32F3xx_HAL_Driver\Inc\stm32f3xx_hal_def.h">
      <Filter>Header files\Device-specific files\HAL</Filter>
    </ClInclude>
    <ClInclude Include="C:\Users\jluu\AppData\Local\VisualGDB\EmbeddedBSPs\arm-eabi\com.sysprogs.arm.stm32\STM32F3xxxx\STM32F3xx_HAL_Driver\Inc\stm32f3xx_hal_dma.h">
      <Filter>Header files\Device-specific files\HAL</Filter>
    </ClInclude>
    <ClInclude Include="C:\Users\jluu\AppData\Local\VisualGDB\EmbeddedBSPs\arm-eabi\com.sysprogs.arm.stm32\STM32F3xxxx\STM32F3xx_HAL_Driver\Inc\stm32f3xx_hal_dma_ex.h">
      <Filter>Header files\Device-specific files\HAL</Filter>
    </ClInclude>
    <ClInclude Include="C:\Users\jluu\AppData\Local\VisualGDB\EmbeddedBSPs\arm-eabi\com.sysprogs.arm.stm32\STM32F3xxxx\STM32F3xx_HAL_Driver\Inc\stm32f3xx_hal_flash.h">
      <Filter>Header files\Device-specific files\HAL</Filter>
    </ClInclude>
    <ClInclude Include="C:\Users\jluu\AppData\Local\VisualGDB\EmbeddedBSPs\arm-eabi\com.sysprogs.arm.stm32\STM32F3xxxx\STM32F3xx_HAL_Driver\Inc\stm32f3xx_hal_flash_ex.h">
      <Filter>Header files\Device-specific files\HAL</Filter>
    </ClInclude>
    <ClInclude Include="C:\Users\jluu\AppData\Local\VisualGDB\EmbeddedBSPs\arm-eabi\com.sysprogs.arm.stm32\STM32F3xxxx\STM32F3xx_HAL_Driver\Inc\stm32f3xx_hal_gpio.h">
      <Filter>Header files\Device-specific files\HAL</Filter>
    </ClInclude>
    <ClInclude Include="C:\Users\jluu\AppData\Local\VisualGDB\EmbeddedBSPs\arm-eabi\com.sysprogs.arm.stm32\STM32F3xxxx\STM32F3xx_HAL_Driver\Inc\stm32f3xx_hal_gpio_ex.h">
      <Filter>Header files\Device-specific files\HAL</Filter>
    </ClInclude>
    <ClInclude Include="C:\Users\jluu\AppData\Local\VisualGDB\EmbeddedBSPs\arm-eabi\com.sysprogs.arm.stm32\STM32F3xxxx\STM32F3xx_HAL_Driver\Inc\stm32f3xx_hal_hrtim.h">
      <Filter>Header files\Device-specific files\HAL</Filter>
    </ClInclude>
    <ClInclude Include="C:\Users\jluu\AppData\Local\VisualGDB\EmbeddedBSPs\arm-eabi\com.sysprogs.arm.stm32\STM32F3xxxx\STM32F3xx_HAL_Driver\Inc\stm32f3xx_hal_i2c.h">
      <Filter>Header files\Device-specific files\HAL</Filter>
    </ClInclude>
    <ClInclude Include="C:\Users\jluu\AppData\Local\VisualGDB\EmbeddedBSPs\arm-eabi\com.sysprogs.arm.stm32\STM32F3xxxx\STM32F3xx_HAL_Driver\Inc\stm32f3xx_hal_i2c_ex.h">
      <Filter>Header files\Device-specific files\HAL</Filter>
    </ClInclude>
    <ClInclude Include="C:\Users\jluu\AppData\Local\VisualGDB\EmbeddedBSPs\arm-eabi\com.sysprogs.arm.stm32\STM32F3xxxx\STM32F3xx_HAL_Driver\Inc\stm32f3xx_hal_i2s.h">
      <Filter>Header files\Device-specific files\HAL</Filter>
    </ClInclude>
    <ClInclude Include="C:\Users\jluu\AppData\Local\VisualGDB\EmbeddedBSPs\arm-eabi\com.sysprogs.arm.stm32\STM32F3xxxx\STM32F3xx_HAL_Driver\Inc\stm32f3xx_hal_i2s_ex.h">
      <Filter>Header files\Device-specific files\HAL</Filter>
    </ClInclude>
    <ClInclude Include="C:\Users\jluu\AppData\Local\VisualGDB\EmbeddedBSPs\arm-eabi\com.sysprogs.arm.stm32\STM32F3xxxx\STM32F3xx_HAL_Driver\Inc\stm32f3xx_hal_irda.h">
      <Filter>Header files\Device-specific files\HAL</Filter>
    </ClInclude>
    <ClInclude Include="C:\Users\jluu\AppData\Local\VisualGDB\EmbeddedBSPs\arm-eabi\com.sysprogs.arm.stm32\STM32F3xxxx\STM32F3xx_HAL_Driver\Inc\stm32f3xx_hal_irda_ex.h">
      <Filter>Header files\Device-specific files\HAL</Filter>
    </ClInclude>
    <ClInclude Include="C:\Users\jluu\AppData\Local\VisualGDB\EmbeddedBSPs\arm-eabi\com.sysprogs.arm.stm32\STM32F3xxxx\STM32F3xx_HAL_Driver\Inc\stm32f3xx_hal_iwdg.h">
      <Filter>Header files\Device-specific files\HAL</Filter>
    </ClInclude>
    <ClInclude Include="C:\Users\jluu\AppData\Local\VisualGDB\EmbeddedBSPs\arm-eabi\com.sysprogs.arm.stm32\STM32F3xxxx\STM32F3xx_HAL_Driver\Inc\stm32f3xx_hal_nand.h">
      <Filter>Header files\Device-specific files\HAL</Filter>
    </ClInclude>
    <ClInclude Include="C:\Users\jluu\AppData\Local\VisualGDB\EmbeddedBSPs\arm-eabi\com.sysprogs.arm.stm32\STM32F3xxxx\STM32F3xx_HAL_Driver\Inc\stm32f3xx_hal_nor.h">
      <Filter>Header files\Device-specific files\HAL</Filter>
    </ClInclude>
    <ClInclude Include="C:\Users\jluu\AppData\Local\VisualGDB\EmbeddedBSPs\arm-eabi\com.sysprogs.arm.stm32\STM32F3xxxx\STM32F3xx_HAL_Driver\Inc\stm32f3xx_hal_opamp.h">
      <Filter>Header files\Device-specific files\HAL</Filter>
    </ClInclude>
    <ClInclude Include="C:\Users\jluu\AppData\Local\VisualGDB\EmbeddedBSPs\arm-eabi\com.sysprogs.arm.stm32\STM32F3xxxx\STM32F3xx_HAL_Driver\Inc\stm32f3xx_hal_opamp_ex.h">
      <Filter>Header files\Device-specific files\HAL</Filter>
    </ClInclude>
    <ClInclude Include="C:\Users\jluu\AppData\Local\VisualGDB\EmbeddedBSPs\arm-eabi\com.sysprogs.arm.stm32\STM32F3xxxx\STM32F3xx_HAL_Driver\Inc\stm32f3xx_hal_pccard.h">
      <Filter>Header files\Device-specific files\HAL</Filter>
    </ClInclude>
    <ClInclude Include="C:\Users\jluu\AppData\Local\VisualGDB\EmbeddedBSPs\arm-eabi\com.sysprogs.arm.stm32\STM32F3xxxx\STM32F3xx_HAL_Driver\Inc\stm32f3xx_hal_pcd.h">
      <Filter>Header files\Device-specific files\HAL</Filter>
    </ClInclude>
    <ClInclude Include="C:\Users\jluu\AppData\Local\VisualGDB\EmbeddedBSPs\arm-eabi\com.sysprogs.arm.stm32\STM32F3xxxx\STM32F3xx_HAL_Driver\Inc\stm32f3xx_hal_pcd_ex.h">
      <Filter>Header files\Device-specific files\HAL</Filter>
    </ClInclude>
    <ClInclude Include="C:\Users\jluu\AppData\Local\VisualGDB\EmbeddedBSPs\arm-eabi\com.sysprogs.arm.stm32\STM32F3xxxx\STM32F3xx_HAL_Driver\Inc\stm32f3xx_hal_ppp.h">
      <Filter>Header files\Device-specific files\HAL</Filter>
    </ClInclude>
    <ClInclude Include="C:\Users\jluu\AppData\Local\VisualGDB\EmbeddedBSPs\arm-eabi\com.sysprogs.arm.stm32\STM32F3xxxx\STM32F3xx_HAL_Driver\Inc\stm32f3xx_hal_pwr.h">
      <Filter>Header files\Device-specific files\HAL</Filter>
    </ClInclude>
    <ClInclude Include="C:\Users\jluu\AppData\Local\VisualGDB\EmbeddedBSPs\arm-eabi\com.sysprogs.arm.stm32\STM32F3xxxx\STM32F3xx_HAL_Driver\Inc\stm32f3xx_hal_pwr_ex.h">
      <Filter>Header files\Device-specific files\HAL</Filter>
    </ClInclude>
    <ClInclude Include="C:\Users\jluu\AppData\Local\VisualGDB\EmbeddedBSPs\arm-eabi\com.sysprogs.arm.stm32\STM32F3xxxx\STM32F3xx_HAL_Driver\Inc\stm32f3xx_hal_rcc.h">
      <Filter>Header files\Device-specific files\HAL</Filter>
    </ClInclude>
    <ClInclude Include="C:\Users\jluu\AppData\Local\VisualGDB\EmbeddedBSPs\arm-eabi\com.sysprogs.arm.stm32\STM32F3xxxx\STM32F3xx_HAL_Driver\Inc\stm32f3xx_hal_rcc_ex.h">
      <Filter>Header files\Device-specific files\HAL</Filter>
    </ClInclude>
    <ClInclude Include="C:\Users\jluu\AppData\Local\VisualGDB\EmbeddedBSPs\arm-eabi\com.sysprogs.arm.stm32\STM32F3xxxx\STM32F3xx_HAL_Driver\Inc\stm32f3xx_hal_rtc.h">
      <Filter>Header files\Device-specific files\HAL</Filter>
    </ClInclude>
    <ClInclude Include="C:\Users\jluu\AppData\Local\VisualGDB\EmbeddedBSPs\arm-eabi\com.sysprogs.arm.stm32\STM32F3xxxx\STM32F3xx_HAL_Driver\Inc\stm32f3xx_hal_rtc_ex.h">
      <Filter>Header files\Device-specific files\HAL</Filter>
    </ClInclude>
    <ClInclude Include="C:\Users\jluu\AppData\Local\VisualGDB\EmbeddedBSPs\arm-eabi\com.sysprogs.arm.stm32\STM32F3xxxx\STM32F3xx_HAL_Driver\Inc\stm32f3xx_hal_sdadc.h">
      <Filter>Header files\Device-specific files\HAL</Filter>
    </ClInclude>
    <ClInclude Include="C:\Users\jluu\AppData\Local\VisualGDB\EmbeddedBSPs\arm-eabi\com.sysprogs.arm.stm32\STM32F3xxxx\STM32F3xx_HAL_Driver\Inc\stm32f3xx_hal_smartcard.h">
      <Filter>Header files\Device-specific files\HAL</Filter>
    </ClInclude>
    <ClInclude Include="C:\Users\jluu\AppData\Local\VisualGDB\EmbeddedBSPs\arm-eabi\com.sysprogs.arm.stm32\STM32F3xxxx\STM32F3xx_HAL_Driver\Inc\stm32f3xx_hal_smartcard_ex.h">
      <Filter>Header files\Device-specific files\HAL</Filter>
    </ClInclude>
    <ClInclude Include="C:\Users\jluu\AppData\Local\VisualGDB\EmbeddedBSPs\arm-eabi\com.sysprogs.arm.stm32\STM32F3xxxx\STM32F3xx_HAL_Driver\Inc\stm32f3xx_hal_smbus.h">
      <Filter>Header files\Device-specific files\HAL</Filter>
    </ClInclude>
    <ClInclude Include="C:\Users\jluu\AppData\Local\VisualGDB\EmbeddedBSPs\arm-eabi\com.sysprogs.arm.stm32\STM32F3xxxx\STM32F3xx_HAL_Driver\Inc\stm32f3xx_hal_spi.h">
      <Filter>Header files\Device-specific files\HAL</Filter>
    </ClInclude>
    <ClInclude Include="C:\Users\jluu\AppData\Local\VisualGDB\EmbeddedBSPs\arm-eabi\com.sysprogs.arm.stm32\STM32F3xxxx\STM32F3xx_HAL_Driver\Inc\stm32f3xx_hal_sram.h">
      <Filter>Header files\Device-specific files\HAL</Filter>
    </ClInclude>
    <ClInclude Include="C:\Users\jluu\AppData\Local\VisualGDB\EmbeddedBSPs\arm-eabi\com.sysprogs.arm.stm32\STM32F3xxxx\STM32F3xx_HAL_Driver\Inc\stm32f3xx_hal_tim.h">
      <Filter>Header files\Device-specific files\HAL</Filter>
    </ClInclude>
    <ClInclude Include="C:\Users\jluu\AppData\Local\VisualGDB\EmbeddedBSPs\arm-eabi\com.sysprogs.arm.stm32\STM32F3xxxx\STM32F3xx_HAL_Driver\Inc\stm32f3xx_hal_tim_ex.h">
      <Filter>Header files\Device-specific files\HAL</Filter>
    </ClInclude>
    <ClInclude Include="C:\Users\jluu\AppData\Local\VisualGDB\EmbeddedBSPs\arm-eabi\com.sysprogs.arm.stm32\STM32F3xxxx\STM32F3xx_HAL_Driver\Inc\stm32f3xx_hal_tsc.h">
      <Filter>Header files\Device-specific files\HAL</Filter>
    </ClInclude>
    <ClInclude Include="C:\Users\jluu\AppData\Local\VisualGDB\EmbeddedBSPs\arm-eabi\com.sysprogs.arm.stm32\STM32F3xxxx\STM32F3xx_HAL_Driver\Inc\stm32f3xx_hal_uart.h">
      <Filter>Header files\Device-specific files\HAL</Filter>
    </ClInclude>
    <ClInclude Include="C:\Users\jluu\AppData\Local\VisualGDB\EmbeddedBSPs\arm-eabi\com.sysprogs.arm.stm32\STM32F3xxxx\STM32F3xx_HAL_Driver\Inc\stm32f3xx_hal_uart_ex.h">
      <Filter>Header files\Device-specific files\HAL</Filter>
    </ClInclude>
    <ClInclude Include="C:\Users\jluu\AppData\Local\VisualGDB\EmbeddedBSPs\arm-eabi\com.sysprogs.arm.stm32\STM32F3xxxx\STM32F3xx_HAL_Driver\Inc\stm32f3xx_hal_usart.h">
      <Filter>Header files\Device-specific files\HAL</Filter>
    </ClInclude>
    <ClInclude Include="C:\Users\jluu\AppData\Local\VisualGDB\EmbeddedBSPs\arm-eabi\com.sysprogs.arm.stm32\STM32F3xxxx\STM32F3xx_HAL_Driver\Inc\stm32f3xx_hal_usart_ex.h">
      <Filter>Header files\Device-specific files\HAL</Filter>
    </ClInclude>
    <ClInclude Include="C:\Users\jluu\AppData\Local\VisualGDB\EmbeddedBSPs\arm-eabi\com.sysprogs.arm.stm32\STM32F3xxxx\STM32F3xx_HAL_Driver\Inc\stm32f3xx_hal_wwdg.h">
      <Filter>Header files\Device-specific files\HAL</Filter>
    </ClInclude>
    <ClInclude Include="C:\Users\jluu\AppData\Local\VisualGDB\EmbeddedBSPs\arm-eabi\com.sysprogs.arm.stm32\STM32F3xxxx\STM32F3xx_HAL_Driver\Inc\stm32f3xx_ll_fmc.h">
      <Filter>Header files\Device-specific files\HAL</Filter>
    </ClInclude>
    <ClInclude Include="C:\Users\jluu\AppData\Local\VisualGDB\EmbeddedBSPs\arm-eabi\com.sysprogs.arm.stm32\STM32F3xxxx\CMSIS_HAL\Device\ST\STM32F3xx\Include\stm32f301x8.h">
      <Filter>Header files\Device-specific files\HAL</Filter>
    </ClInclude>
    <ClInclude Include="C:\Users\jluu\AppData\Local\VisualGDB\EmbeddedBSPs\arm-eabi\com.sysprogs.arm.stm32\STM32F3xxxx\CMSIS_HAL\Device\ST\STM32F3xx\Include\stm32f302x8.h">
      <Filter>Header files\Device-specific files\HAL</Filter>
    </ClInclude>
    <ClInclude Include="C:\Users\jluu\AppData\Local\VisualGDB\EmbeddedBSPs\arm-eabi\com.sysprogs.arm.stm32\STM32F3xxxx\CMSIS_HAL\Device\ST\STM32F3xx\Include\stm32f302xc.h">
      <Filter>Header files\Device-specific files\HAL</Filter>
    </ClInclude>
    <ClInclude Include="C:\Users\jluu\AppData\Local\VisualGDB\EmbeddedBSPs\arm-eabi\com.sysprogs.arm.stm32\STM32F3xxxx\CMSIS_HAL\Device\ST\STM32F3xx\Include\stm32f302xe.h">
      <Filter>Header files\Device-specific files\HAL</Filter>
    </ClInclude>
    <ClInclude Include="C:\Users\jluu\AppData\Local\VisualGDB\EmbeddedBSPs\arm-eabi\com.sysprogs.arm.stm32\STM32F3xxxx\CMSIS_HAL\Device\ST\STM32F3xx\Include\stm32f303x8.h">
      <Filter>Header files\Device-specific files\HAL</Filter>
    </ClInclude>
    <ClInclude Include="C:\Users\jluu\AppData\Local\VisualGDB\EmbeddedBSPs\arm-eabi\com.sysprogs.arm.stm32\STM32F3xxxx\CMSIS_HAL\Device\ST\STM32F3xx\Include\stm32f303xc.h">
      <Filter>Header files\Device-specific files\HAL</Filter>
    </ClInclude>
    <ClInclude Include="C:\Users\jluu\AppData\Local\VisualGDB\EmbeddedBSPs\arm-eabi\com.sysprogs.arm.stm32\STM32F3xxxx\CMSIS_HAL\Device\ST\STM32F3xx\Include\stm32f303xe.h">
      <Filter>Header files\Device-specific files\HAL</Filter>
    </ClInclude>
    <ClInclude Include="C:\Users\jluu\AppData\Local\VisualGDB\EmbeddedBSPs\arm-eabi\com.sysprogs.arm.stm32\STM32F3xxxx\CMSIS_HAL\Device\ST\STM32F3xx\Include\stm32f318xx.h">
      <Filter>Header files\Device-specific files\HAL</Filter>
    </ClInclude>
    <ClInclude Include="C:\Users\jluu\AppData\Local\VisualGDB\EmbeddedBSPs\arm-eabi\com.sysprogs.arm.stm32\STM32F3xxxx\CMSIS_HAL\Device\ST\STM32F3xx\Include\stm32f328xx.h">
      <Filter>Header files\Device-specific files\HAL</Filter>
    </ClInclude>
    <ClInclude Include="C:\Users\jluu\AppData\Local\VisualGDB\EmbeddedBSPs\arm-eabi\com.sysprogs.arm.stm32\STM32F3xxxx\CMSIS_HAL\Device\ST\STM32F3xx\Include\stm32f334x8.h">
      <Filter>Header files\Device-specific files\HAL</Filter>
    </ClInclude>
    <ClInclude Include="C:\Users\jluu\AppData\Local\VisualGDB\EmbeddedBSPs\arm-eabi\com.sysprogs.arm.stm32\STM32F3xxxx\CMSIS_HAL\Device\ST\STM32F3xx\Include\stm32f358xx.h">
      <Filter>Header files\Device-specific files\HAL</Filter>
    </ClInclude>
    <ClInclude Include="C:\Users\jluu\AppData\Local\VisualGDB\EmbeddedBSPs\arm-eabi\com.sysprogs.arm.stm32\STM32F3xxxx\CMSIS_HAL\Device\ST\STM32F3xx\Include\stm32f373xc.h">
      <Filter>Header files\Device-specific files\HAL</Filter>
    </ClInclude>
    <ClInclude Include="C:\Users\jluu\AppData\Local\VisualGDB\EmbeddedBSPs\arm-eabi\com.sysprogs.arm.stm32\STM32F3xxxx\CMSIS_HAL\Device\ST\STM32F3xx\Include\stm32f378xx.h">
      <Filter>Header files\Device-specific files\HAL</Filter>
    </ClInclude>
    <ClInclude Include="C:\Users\jluu\AppData\Local\VisualGDB\EmbeddedBSPs\arm-eabi\com.sysprogs.arm.stm32\STM32F3xxxx\CMSIS_HAL\Device\ST\STM32F3xx\Include\stm32f398xx.h">
      <Filter>Header files\Device-specific files\HAL</Filter>
    </ClInclude>
    <ClInclude Include="C:\Users\jluu\AppData\Local\VisualGDB\EmbeddedBSPs\arm-eabi\com.sysprogs.arm.stm32\STM32F3xxxx\CMSIS_HAL\Device\ST\STM32F3xx\Include\stm32f3xx.h">
      <Filter>Header files\Device-specific files\HAL</Filter>
    </ClInclude>
    <ClInclude Include="C:\Users\jluu\AppData\Local\VisualGDB\EmbeddedBSPs\arm-eabi\com.sysprogs.arm.stm32\STM32F3xxxx\CMSIS_HAL\Device\ST\STM32F3xx\Include\system_stm32f3xx.h">
      <Filter>Header files\Device-specific files\HAL</Filter>
    </ClInclude>
    <ClInclude Include="C:\Users\jluu\AppData\Local\VisualGDB\EmbeddedBSPs\arm-eabi\com.sysprogs.arm.stm32\STM32F3xxxx\CMSIS_HAL\Include\arm_common_tables.h">
      <Filter>Header files\Device-specific files\HAL</Filter>
    </ClInclude>
    <ClInclude Include="C:\Users\jluu\AppData\Local\VisualGDB\EmbeddedBSPs\arm-eabi\com.sysprogs.arm.stm32\STM32F3xxxx\CMSIS_HAL\Include\arm_const_structs.h">
      <Filter>Header files\Device-specific files\HAL</Filter>
    </ClInclude>
    <ClInclude Include="C:\Users\jluu\AppData\Local\VisualGDB\EmbeddedBSPs\arm-eabi\com.sysprogs.arm.stm32\STM32F3xxxx\CMSIS_HAL\Include\arm_math.h">
      <Filter>Header files\Device-specific files\HAL</Filter>
    </ClInclude>
    <ClInclude Include="C:\Users\jluu\AppData\Local\VisualGDB\EmbeddedBSPs\arm-eabi\com.sysprogs.arm.stm32\STM32F3xxxx\CMSIS_HAL\Include\core_cm0.h">
      <Filter>Header files\Device-specific files\HAL</Filter>
    </ClInclude>
    <ClInclude Include="C:\Users\jluu\AppData\Local\VisualGDB\EmbeddedBSPs\arm-eabi\com.sysprogs.arm.stm32\STM32F3xxxx\CMSIS_HAL\Include\core_cm0plus.h">
      <Filter>Header files\Device-specific files\HAL</Filter>
    </ClInclude>
    <ClInclude Include="C:\Users\jluu\AppData\Local\VisualGDB\EmbeddedBSPs\arm-eabi\com.sysprogs.arm.stm32\STM32F3xxxx\CMSIS_HAL\Include\core_cm3.h">
      <Filter>Header files\Device-specific files\HAL</Filter>
    </ClInclude>
    <ClInclude Include="C:\Users\jluu\AppData\Local\VisualGDB\EmbeddedBSPs\arm-eabi\com.sysprogs.arm.stm32\STM32F3xxxx\CMSIS_HAL\Include\core_cm4.h">
      <Filter>Header files\Device-specific files\HAL</Filter>
    </ClInclude>
    <ClInclude Include="C:\Users\jluu\AppData\Local\VisualGDB\EmbeddedBSPs\arm-eabi\com.sysprogs.arm.stm32\STM32F3xxxx\CMSIS_HAL\Include\core_cm4_simd.h">
      <Filter>Header files\Device-specific files\HAL</Filter>
    </ClInclude>
    <ClInclude Include="C:\Users\jluu\AppData\Local\VisualGDB\EmbeddedBSPs\arm-eabi\com.sysprogs.arm.stm32\STM32F3xxxx\CMSIS_HAL\Include\core_cmFunc.h">
      <Filter>Header files\Device-specific files\HAL</Filter>
    </ClInclude>
    <ClInclude Include="C:\Users\jluu\AppData\Local\VisualGDB\EmbeddedBSPs\arm-eabi\com.sysprogs.arm.stm32\STM32F3xxxx\CMSIS_HAL\Include\core_cmInstr.h">
      <Filter>Header files\Device-specific files\HAL</Filter>
    </ClInclude>
    <ClInclude Include="C:\Users\jluu\AppData\Local\VisualGDB\EmbeddedBSPs\arm-eabi\com.sysprogs.arm.stm32\STM32F3xxxx\CMSIS_HAL\Include\core_sc000.h">
      <Filter>Header files\Device-specific files\HAL</Filter>
    </ClInclude>
    <ClInclude Include="C:\Users\jluu\AppData\Local\VisualGDB\EmbeddedBSPs\arm-eabi\com.sysprogs.arm.stm32\STM32F3xxxx\CMSIS_HAL\Include\core_sc300.h">
      <Filter>Header files\Device-specific files\HAL</Filter>
    </ClInclude>
    <ClInclude Include="C:\Users\jluu\AppData\Local\VisualGDB\EmbeddedBSPs\arm-eabi\com.sysprogs.arm.stm32\STM32F3xxxx\CMSIS_HAL\RTOS\cmsis_os.h">
      <Filter>Header files\Device-specific files\HAL</Filter>
    </ClInclude>
    <ClInclude Include="hrtim.h">
      <Filter>Header files</Filter>
    </ClInclude>
    <ClInclude Include="adc.h">
      <Filter>Header files</Filter>
    </ClInclude>
  </ItemGroup>
  <ItemGroup>
    <None Include="Makefile" />
    <None Include="debug.mak">
      <Filter>Make files</Filter>
    </None>
    <None Include="release.mak">
      <Filter>Make files</Filter>
    </None>
    <None Include="stm32.mak">
      <Filter>Source files\Device-specific files</Filter>
    </None>
  </ItemGroup>
</Project>